{
  "version": 4,
  "terraform_version": "1.3.3",
  "serial": 2,
  "lineage": "170275e7-539d-b448-76a0-8eb4b0bc5d70",
  "outputs": {},
  "resources": [
    {
      "mode": "managed",
      "type": "google_pubsub_topic",
      "name": "topic_tf",
      "provider": "provider[\"registry.terraform.io/hashicorp/google\"]",
      "instances": [
        {
          "schema_version": 0,
          "attributes": {
            "id": "projects/my-terraform-project-20230321/topics/topic_tf",
            "kms_key_name": "",
            "labels": null,
            "message_retention_duration": "",
            "message_storage_policy": [],
            "name": "topic_tf",
            "project": "my-terraform-project-20230321",
            "schema_settings": [],
            "timeouts": null
          },
          "sensitive_attributes": [],
          "private": "eyJlMmJmYjczMC1lY2FhLTExZTYtOGY4OC0zNDM2M2JjN2M0YzAiOnsiY3JlYXRlIjoxMjAwMDAwMDAwMDAwLCJkZWxldGUiOjEyMDAwMDAwMDAwMDAsInVwZGF0ZSI6MTIwMDAwMDAwMDAwMH19"
        }
      ]
    }
  ],
  "check_results": []
}
