{
  "version": 4,
  "terraform_version": "1.3.3",
  "serial": 9,
  "lineage": "ab05e065-f191-c7c6-3d16-d573e88444e7",
  "outputs": {},
  "resources": [
    {
      "mode": "managed",
      "type": "google_bigquery_dataset",
      "name": "ds_tf",
      "provider": "provider[\"registry.terraform.io/hashicorp/google\"]",
      "instances": [
        {
          "schema_version": 0,
          "attributes": {
            "access": [
              {
                "dataset": [],
                "domain": "",
                "group_by_email": "",
                "role": "OWNER",
                "routine": [],
                "special_group": "",
                "user_by_email": "terraform-gcp@my-terraform-project-20230321.iam.gserviceaccount.com",
                "view": []
              },
              {
                "dataset": [],
                "domain": "",
                "group_by_email": "",
                "role": "OWNER",
                "routine": [],
                "special_group": "projectOwners",
                "user_by_email": "",
                "view": []
              },
              {
                "dataset": [],
                "domain": "",
                "group_by_email": "",
                "role": "READER",
                "routine": [],
                "special_group": "projectReaders",
                "user_by_email": "",
                "view": []
              },
              {
                "dataset": [],
                "domain": "",
                "group_by_email": "",
                "role": "WRITER",
                "routine": [],
                "special_group": "projectWriters",
                "user_by_email": "",
                "view": []
              }
            ],
            "creation_time": 1679787738142,
            "dataset_id": "ds_cust",
            "default_encryption_configuration": [],
            "default_partition_expiration_ms": 0,
            "default_table_expiration_ms": 0,
            "delete_contents_on_destroy": false,
            "description": "",
            "etag": "tr1sPnjRaJDKZI3eJ7JrmA==",
            "friendly_name": "",
            "id": "projects/my-terraform-project-20230321/datasets/ds_cust",
            "labels": {},
            "last_modified_time": 1679787738142,
            "location": "US",
            "max_time_travel_hours": "",
            "project": "my-terraform-project-20230321",
            "self_link": "https://bigquery.googleapis.com/bigquery/v2/projects/my-terraform-project-20230321/datasets/ds_cust",
            "timeouts": null
          },
          "sensitive_attributes": [],
          "private": "eyJlMmJmYjczMC1lY2FhLTExZTYtOGY4OC0zNDM2M2JjN2M0YzAiOnsiY3JlYXRlIjoxMjAwMDAwMDAwMDAwLCJkZWxldGUiOjEyMDAwMDAwMDAwMDAsInVwZGF0ZSI6MTIwMDAwMDAwMDAwMH19"
        }
      ]
    },
    {
      "mode": "managed",
      "type": "google_bigquery_table",
      "name": "table_-tf",
      "provider": "provider[\"registry.terraform.io/hashicorp/google\"]",
      "instances": [
        {
          "schema_version": 0,
          "attributes": {
            "clustering": null,
            "creation_time": 1679787739038,
            "dataset_id": "ds_cust",
            "deletion_protection": false,
            "description": "",
            "encryption_configuration": [],
            "etag": "3kha5kv8t4HVDrf230ZAMw==",
            "expiration_time": 0,
            "external_data_configuration": [],
            "friendly_name": "",
            "id": "projects/my-terraform-project-20230321/datasets/ds_cust/tables/table-cust",
            "labels": {},
            "last_modified_time": 1679787986007,
            "location": "US",
            "materialized_view": [],
            "num_bytes": 0,
            "num_long_term_bytes": 0,
            "num_rows": 0,
            "project": "my-terraform-project-20230321",
            "range_partitioning": [],
            "schema": "[{\"description\":\"This is customer id\",\"mode\":\"NULLABLE\",\"name\":\"Customer_id\",\"type\":\"STRING\"},{\"description\":\"Country of residence of customer\",\"mode\":\"NULLABLE\",\"name\":\"Country\",\"type\":\"STRING\"},{\"description\":\"Address of residence of customer\",\"mode\":\"NULLABLE\",\"name\":\"Address\",\"type\":\"STRING\"}]",
            "self_link": "https://bigquery.googleapis.com/bigquery/v2/projects/my-terraform-project-20230321/datasets/ds_cust/tables/table-cust",
            "table_id": "table-cust",
            "time_partitioning": [],
            "type": "TABLE",
            "view": []
          },
          "sensitive_attributes": [],
          "private": "bnVsbA==",
          "dependencies": [
            "google_bigquery_dataset.ds_tf"
          ]
        }
      ]
    }
  ],
  "check_results": []
}
