{
  "version": 4,
  "terraform_version": "1.3.3",
  "serial": 18,
  "lineage": "ed7f4fea-6475-ac08-5b5e-6e54e15c6f76",
  "outputs": {},
  "resources": [
    {
      "mode": "managed",
      "type": "google_bigtable_instance",
      "name": "bt-from-tf",
      "provider": "provider[\"registry.terraform.io/hashicorp/google\"]",
      "instances": [
        {
          "schema_version": 1,
          "attributes": {
            "cluster": [
              {
                "autoscaling_config": [],
                "cluster_id": "tf-instance-cluster",
                "kms_key_name": "",
                "num_nodes": 1,
                "storage_type": "HDD",
                "zone": "us-central1-a"
              }
            ],
            "deletion_protection": true,
            "display_name": "tf-instance",
            "id": "projects/my-terraform-project-20230321/instances/tf-instance",
            "instance_type": "PRODUCTION",
            "labels": {
              "my-label": "prod-label"
            },
            "name": "tf-instance",
            "project": "my-terraform-project-20230321"
          },
          "sensitive_attributes": [],
          "private": "eyJzY2hlbWFfdmVyc2lvbiI6IjEifQ=="
        }
      ]
    }
  ],
  "check_results": []
}
